
Microsoft Visual Studio Solution File, Format Version 12.00
# Visual Studio Version 16
VisualStudioVersion = 16.0.31321.278
MinimumVisualStudioVersion = 10.0.40219.1
Project("{FAE04EC0-301F-11D3-BF4B-00C04F79EFBC}") = "OrdenamientoYBusqueda", "OrdenamientoYBusqueda.csproj", "{BAC56476-0BAB-466A-AEEF-42EF41C22285}"
EndProject
Global
	GlobalSection(SolutionConfigurationPlatforms) = preSolution
		Debug|Any CPU = Debug|Any CPU
		Release|Any CPU = Release|Any CPU
	EndGlobalSection
	GlobalSection(ProjectConfigurationPlatforms) = postSolution
		{BAC56476-0BAB-466A-AEEF-42EF41C22285}.Debug|Any CPU.ActiveCfg = Debug|Any CPU
		{BAC56476-0BAB-466A-AEEF-42EF41C22285}.Debug|Any CPU.Build.0 = Debug|Any CPU
		{BAC56476-0BAB-466A-AEEF-42EF41C22285}.Release|Any CPU.ActiveCfg = Release|Any CPU
		{BAC56476-0BAB-466A-AEEF-42EF41C22285}.Release|Any CPU.Build.0 = Release|Any CPU
	EndGlobalSection
	GlobalSection(SolutionProperties) = preSolution
		HideSolutionNode = FALSE
	EndGlobalSection
	GlobalSection(ExtensibilityGlobals) = postSolution
		SolutionGuid = {53847747-CE86-43BE-93DB-39D90300C976}
	EndGlobalSection
EndGlobal
